
Microsoft Visual Studio Solution File, Format Version 12.00
# Visual Studio Version 16
VisualStudioVersion = 16.0.29709.97
MinimumVisualStudioVersion = 10.0.40219.1
Project("{FAE04EC0-301F-11D3-BF4B-00C04F79EFBC}") = "ArpRibbon", "ArpRibbon.csproj", "{A20AF489-9F54-485C-8E20-D8CBBA49BD0D}"
EndProject
Global
	GlobalSection(SolutionConfigurationPlatforms) = preSolution
		Debug|Any CPU = Debug|Any CPU
		Debug|x64 = Debug|x64
		Release|Any CPU = Release|Any CPU
		Release|x64 = Release|x64
	EndGlobalSection
	GlobalSection(ProjectConfigurationPlatforms) = postSolution
		{A20AF489-9F54-485C-8E20-D8CBBA49BD0D}.Debug|Any CPU.ActiveCfg = Debug|Any CPU
		{A20AF489-9F54-485C-8E20-D8CBBA49BD0D}.Debug|Any CPU.Build.0 = Debug|Any CPU
		{A20AF489-9F54-485C-8E20-D8CBBA49BD0D}.Debug|x64.ActiveCfg = Debug|x64
		{A20AF489-9F54-485C-8E20-D8CBBA49BD0D}.Debug|x64.Build.0 = Debug|x64
		{A20AF489-9F54-485C-8E20-D8CBBA49BD0D}.Release|Any CPU.ActiveCfg = Release|Any CPU
		{A20AF489-9F54-485C-8E20-D8CBBA49BD0D}.Release|Any CPU.Build.0 = Release|Any CPU
		{A20AF489-9F54-485C-8E20-D8CBBA49BD0D}.Release|x64.ActiveCfg = Release|x64
		{A20AF489-9F54-485C-8E20-D8CBBA49BD0D}.Release|x64.Build.0 = Release|x64
	EndGlobalSection
	GlobalSection(SolutionProperties) = preSolution
		HideSolutionNode = FALSE
	EndGlobalSection
	GlobalSection(ExtensibilityGlobals) = postSolution
		SolutionGuid = {60F0CDC5-09DE-4AF3-94EC-6B5ED7B9EE47}
	EndGlobalSection
EndGlobal
