
Microsoft Visual Studio Solution File, Format Version 12.00
# Visual Studio 15
VisualStudioVersion = 15.0.27703.2047
MinimumVisualStudioVersion = 10.0.40219.1
Project("{FAE04EC0-301F-11D3-BF4B-00C04F79EFBC}") = "PurgeDimStyles", "PurgeDimStyles.csproj", "{5B2B5E82-1F6E-458D-9537-B0EAD2BB7E7E}"
EndProject
Global
	GlobalSection(SolutionConfigurationPlatforms) = preSolution
		Debug|Any CPU = Debug|Any CPU
		Debug|x64 = Debug|x64
		Release|Any CPU = Release|Any CPU
		Release|x64 = Release|x64
	EndGlobalSection
	GlobalSection(ProjectConfigurationPlatforms) = postSolution
		{5B2B5E82-1F6E-458D-9537-B0EAD2BB7E7E}.Debug|Any CPU.ActiveCfg = Debug|Any CPU
		{5B2B5E82-1F6E-458D-9537-B0EAD2BB7E7E}.Debug|Any CPU.Build.0 = Debug|Any CPU
		{5B2B5E82-1F6E-458D-9537-B0EAD2BB7E7E}.Debug|x64.ActiveCfg = Debug|x64
		{5B2B5E82-1F6E-458D-9537-B0EAD2BB7E7E}.Debug|x64.Build.0 = Debug|x64
		{5B2B5E82-1F6E-458D-9537-B0EAD2BB7E7E}.Release|Any CPU.ActiveCfg = Release|Any CPU
		{5B2B5E82-1F6E-458D-9537-B0EAD2BB7E7E}.Release|Any CPU.Build.0 = Release|Any CPU
		{5B2B5E82-1F6E-458D-9537-B0EAD2BB7E7E}.Release|x64.ActiveCfg = Release|x64
		{5B2B5E82-1F6E-458D-9537-B0EAD2BB7E7E}.Release|x64.Build.0 = Release|x64
	EndGlobalSection
	GlobalSection(SolutionProperties) = preSolution
		HideSolutionNode = FALSE
	EndGlobalSection
	GlobalSection(ExtensibilityGlobals) = postSolution
		SolutionGuid = {288BCF77-B4A1-46C7-9D27-115B45C9AFF6}
	EndGlobalSection
EndGlobal
