
Microsoft Visual Studio Solution File, Format Version 12.00
# Visual Studio 15
VisualStudioVersion = 15.0.27703.2047
MinimumVisualStudioVersion = 10.0.40219.1
Project("{FAE04EC0-301F-11D3-BF4B-00C04F79EFBC}") = "DeleteUnusedTextNoteTypes", "DeleteUnusedTextNoteTypes.csproj", "{C1C69BBA-4A4B-44E3-BECD-F495A9F6ECA7}"
EndProject
Global
	GlobalSection(SolutionConfigurationPlatforms) = preSolution
		Debug|Any CPU = Debug|Any CPU
		Debug|x64 = Debug|x64
		Release|Any CPU = Release|Any CPU
		Release|x64 = Release|x64
	EndGlobalSection
	GlobalSection(ProjectConfigurationPlatforms) = postSolution
		{C1C69BBA-4A4B-44E3-BECD-F495A9F6ECA7}.Debug|Any CPU.ActiveCfg = Debug|Any CPU
		{C1C69BBA-4A4B-44E3-BECD-F495A9F6ECA7}.Debug|Any CPU.Build.0 = Debug|Any CPU
		{C1C69BBA-4A4B-44E3-BECD-F495A9F6ECA7}.Debug|x64.ActiveCfg = Debug|x64
		{C1C69BBA-4A4B-44E3-BECD-F495A9F6ECA7}.Debug|x64.Build.0 = Debug|x64
		{C1C69BBA-4A4B-44E3-BECD-F495A9F6ECA7}.Release|Any CPU.ActiveCfg = Release|Any CPU
		{C1C69BBA-4A4B-44E3-BECD-F495A9F6ECA7}.Release|Any CPU.Build.0 = Release|Any CPU
		{C1C69BBA-4A4B-44E3-BECD-F495A9F6ECA7}.Release|x64.ActiveCfg = Release|x64
		{C1C69BBA-4A4B-44E3-BECD-F495A9F6ECA7}.Release|x64.Build.0 = Release|x64
	EndGlobalSection
	GlobalSection(SolutionProperties) = preSolution
		HideSolutionNode = FALSE
	EndGlobalSection
	GlobalSection(ExtensibilityGlobals) = postSolution
		SolutionGuid = {BD53A236-2626-4414-8859-3550F1529E9E}
	EndGlobalSection
EndGlobal
